<?xml version="1.0" encoding="utf-8"?>
<Project ToolsVersion="4.0" xmlns="http://schemas.microsoft.com/developer/msbuild/2003">
  <ItemGroup>
    <Filter Include="Geometry">
      <UniqueIdentifier>{f59ffb61-dac2-44bd-82b0-ac7c32417310}</UniqueIdentifier>
    </Filter>
    <Filter Include="Agent">
      <UniqueIdentifier>{b6008634-5e89-4bde-b217-818d78a2e01c}</UniqueIdentifier>
    </Filter>
    <Filter Include="Geometry\Header files">
      <UniqueIdentifier>{681578d7-cd94-435e-b0cd-d261f303a49f}</UniqueIdentifier>
    </Filter>
    <Filter Include="Geometry\Source files">
      <UniqueIdentifier>{70ea49cf-810b-4915-b87f-efca29ab72ba}</UniqueIdentifier>
    </Filter>
    <Filter Include="Agent\Header files">
      <UniqueIdentifier>{7ce08144-6ec5-411a-932c-a22bf0a8fa9f}</UniqueIdentifier>
    </Filter>
    <Filter Include="Agent\Source files">
      <UniqueIdentifier>{be45e4a5-819e-44cf-a095-218b7787827b}</UniqueIdentifier>
    </Filter>
    <Filter Include="Tests">
      <UniqueIdentifier>{c668649a-b29c-4b3d-ad70-ed06d5cc5c49}</UniqueIdentifier>
    </Filter>
    <Filter Include="ui">
      <UniqueIdentifier>{4a54d34e-75bc-4de8-b22c-ee8c98554451}</UniqueIdentifier>
    </Filter>
    <Filter Include="logger">
      <UniqueIdentifier>{2e8877a0-33ac-4e61-9c21-f2dcc10dd5b2}</UniqueIdentifier>
    </Filter>
    <Filter Include="ui\Header files">
      <UniqueIdentifier>{978f2dc7-df8e-47e4-991f-d92787688e82}</UniqueIdentifier>
    </Filter>
    <Filter Include="ui\Source files">
      <UniqueIdentifier>{1744819e-92dd-4af3-916d-dcfe9b8c2695}</UniqueIdentifier>
    </Filter>
    <Filter Include="Dependencies">
      <UniqueIdentifier>{5faec894-9678-4a06-b2b4-9c04b27257ba}</UniqueIdentifier>
    </Filter>
    <Filter Include="Dependencies\GLFW">
      <UniqueIdentifier>{d5c2168c-09de-4c24-b7fb-5e991365e6ce}</UniqueIdentifier>
    </Filter>
    <Filter Include="Dependencies\glew-2.1.0">
      <UniqueIdentifier>{95acbfa0-53ac-472f-9f57-4c0278842ef7}</UniqueIdentifier>
    </Filter>
    <Filter Include="Dependencies\GLFW\32bit">
      <UniqueIdentifier>{bcc37274-459d-41d4-b13b-2785a036ba65}</UniqueIdentifier>
    </Filter>
    <Filter Include="Dependencies\GLFW\64bit">
      <UniqueIdentifier>{c76ab5e4-a24d-44d2-9435-082b702195d8}</UniqueIdentifier>
    </Filter>
    <Filter Include="Dependencies\GLFW\32bit\include">
      <UniqueIdentifier>{245b6b24-62b3-4086-936d-079cdd16763d}</UniqueIdentifier>
    </Filter>
    <Filter Include="Dependencies\GLFW\32bit\lib-vc2022">
      <UniqueIdentifier>{3565002a-91a5-4fa4-bf7e-1eefb45dc647}</UniqueIdentifier>
    </Filter>
    <Filter Include="Dependencies\GLFW\64bit\include">
      <UniqueIdentifier>{00cb3941-218e-4b75-b453-2d4be468f718}</UniqueIdentifier>
    </Filter>
    <Filter Include="Dependencies\GLFW\64bit\lib-vc2022">
      <UniqueIdentifier>{3e767367-0c92-448e-8b23-2c1aae0e672d}</UniqueIdentifier>
    </Filter>
    <Filter Include="Dependencies\GLFW\32bit\include\GLFW">
      <UniqueIdentifier>{60a6acfe-997b-4060-a36b-56569fab517b}</UniqueIdentifier>
    </Filter>
    <Filter Include="Dependencies\GLFW\64bit\include\GLFW">
      <UniqueIdentifier>{6f06a226-51e7-4ccb-88ee-9d5133058cdc}</UniqueIdentifier>
    </Filter>
    <Filter Include="Dependencies\glew-2.1.0\include">
      <UniqueIdentifier>{d2573141-2f21-4d3b-be58-29c9620614c5}</UniqueIdentifier>
    </Filter>
    <Filter Include="Dependencies\glew-2.1.0\lib">
      <UniqueIdentifier>{42678fe9-6f6e-4cd0-aaf2-76c4af0333ad}</UniqueIdentifier>
    </Filter>
    <Filter Include="Dependencies\glew-2.1.0\lib\Release">
      <UniqueIdentifier>{97dc4e20-7614-4225-a7e1-407f5981856e}</UniqueIdentifier>
    </Filter>
    <Filter Include="Dependencies\glew-2.1.0\lib\Release\Win32">
      <UniqueIdentifier>{40c3b534-b792-46ad-a861-62c836e4253c}</UniqueIdentifier>
    </Filter>
    <Filter Include="Dependencies\glew-2.1.0\lib\Release\x64">
      <UniqueIdentifier>{14be9007-96ca-44b3-8b4a-af2cf926f09a}</UniqueIdentifier>
    </Filter>
    <Filter Include="Dependencies\glew-2.1.0\include\GL">
      <UniqueIdentifier>{91cac475-5363-498c-9ad6-18cd6a5d681d}</UniqueIdentifier>
    </Filter>
    <Filter Include="Shapes">
      <UniqueIdentifier>{d38ae9e0-952e-402b-b984-1db3ffe19f26}</UniqueIdentifier>
    </Filter>
    <Filter Include="Shapes\Header files">
      <UniqueIdentifier>{6474e808-1960-40d9-9162-22c6411af362}</UniqueIdentifier>
    </Filter>
    <Filter Include="Rendering">
      <UniqueIdentifier>{fb99d85c-20a5-4a40-a472-61c94d591ab4}</UniqueIdentifier>
    </Filter>
    <Filter Include="Resources">
      <UniqueIdentifier>{bc4e6559-d9c2-4e39-a96e-2fe5461bf883}</UniqueIdentifier>
    </Filter>
    <Filter Include="Resources\Shaders">
      <UniqueIdentifier>{7deb8466-d6df-4180-b976-8af21a3acb42}</UniqueIdentifier>
    </Filter>
    <Filter Include="World">
      <UniqueIdentifier>{60920157-c695-495a-8d62-fe0e8d65920f}</UniqueIdentifier>
    </Filter>
    <Filter Include="Simulation">
      <UniqueIdentifier>{f034eb82-500c-4bb5-83e5-ab574753f136}</UniqueIdentifier>
    </Filter>
    <Filter Include="Simulation\Header files">
      <UniqueIdentifier>{7d7b75c8-e21e-4eca-92a1-c5e57bc4f0cc}</UniqueIdentifier>
    </Filter>
    <Filter Include="Simulation\Source files">
      <UniqueIdentifier>{3a9fcfcd-dbc7-4382-9ecb-cba8fd5d4a8f}</UniqueIdentifier>
    </Filter>
    <Filter Include="World\Header files">
      <UniqueIdentifier>{8e9284f0-a969-48a1-8998-4d14aa2acfcf}</UniqueIdentifier>
    </Filter>
    <Filter Include="World\Soruce files">
      <UniqueIdentifier>{0edafa74-d54c-492e-b1e8-239a8114a76b}</UniqueIdentifier>
    </Filter>
  </ItemGroup>
  <ItemGroup>
    <ClCompile Include="main.cpp" />
    <ClCompile Include="Geometry2D\GeometryBase.cpp">
      <Filter>Geometry\Source files</Filter>
    </ClCompile>
    <ClCompile Include="_logger\file_log_consumer.cpp">
      <Filter>logger</Filter>
    </ClCompile>
    <ClCompile Include="_logger\logger.cpp">
      <Filter>logger</Filter>
    </ClCompile>
    <ClCompile Include="tests\test.cpp">
      <Filter>Tests</Filter>
    </ClCompile>
    <ClCompile Include="ui\console.cpp">
      <Filter>ui\Source files</Filter>
    </ClCompile>
    <ClCompile Include="ui\ui_keeper.cpp">
      <Filter>ui\Source files</Filter>
    </ClCompile>
    <ClCompile Include="tests\testGeometry\testGeometry.cpp" />
    <ClCompile Include="Rendering\Shader.cpp">
      <Filter>Rendering</Filter>
    </ClCompile>
    <ClCompile Include="Rendering\DrawTriangles.cpp">
      <Filter>Rendering</Filter>
    </ClCompile>
    <ClCompile Include="Simulation.cpp">
      <Filter>Simulation\Source files</Filter>
    </ClCompile>
    <ClCompile Include="Agent.cpp">
      <Filter>Agent\Source files</Filter>
    </ClCompile>
    <ClCompile Include="World.cpp">
      <Filter>World\Soruce files</Filter>
    </ClCompile>
    <ClCompile Include="Obstacle.cpp">
      <Filter>World\Soruce files</Filter>
    </ClCompile>
    <ClCompile Include="BehaviorBoid.cpp">
      <Filter>Agent\Source files</Filter>
    </ClCompile>
    <ClCompile Include="Alignment.cpp" />
    <ClCompile Include="Behavior.cpp" />
    <ClCompile Include="Boid.cpp" />
    <ClCompile Include="Cohesion.cpp" />
    <ClCompile Include="Separation.cpp" />
    <ClCompile Include="TestSimulation.cpp">
      <Filter>Simulation\Source files</Filter>
    </ClCompile>
    <ClCompile Include="TestAgent.cpp">
      <Filter>Agent\Source files</Filter>
    </ClCompile>
    <ClCompile Include="BoidSimulation.cpp">
      <Filter>Simulation\Source files</Filter>
    </ClCompile>
    <ClCompile Include="AgentPedestrian.cpp" />
    <ClCompile Include="ConstantVelocity.cpp" />
    <ClCompile Include="ScenarioA.cpp" />
    <ClCompile Include="SocialForces.cpp">
      <Filter>Agent\Source files</Filter>
    </ClCompile>
  </ItemGroup>
  <ItemGroup>
    <ClInclude Include="Geometry2D\Geometry2D.h">
      <Filter>Geometry\Header files</Filter>
    </ClInclude>
    <ClInclude Include="Geometry2D\GeometryBase.h">
      <Filter>Geometry\Header files</Filter>
    </ClInclude>
    <ClInclude Include="_logger\file_log_consumer.h">
      <Filter>logger</Filter>
    </ClInclude>
    <ClInclude Include="_logger\logger.h">
      <Filter>logger</Filter>
    </ClInclude>
    <ClInclude Include="tests\test.h">
      <Filter>Tests</Filter>
    </ClInclude>
    <ClInclude Include="ui\console.h">
      <Filter>ui\Header files</Filter>
    </ClInclude>
    <ClInclude Include="ui\ui_keeper.h">
      <Filter>ui\Header files</Filter>
    </ClInclude>
    <ClInclude Include="tests\testGeometry\testGeometry.h" />
    <ClInclude Include="types.h" />
    <ClInclude Include="Dependencies\GLFW\32bit\include\GLFW\glfw3.h">
      <Filter>Dependencies\GLFW\32bit\include\GLFW</Filter>
    </ClInclude>
    <ClInclude Include="Dependencies\GLFW\32bit\include\GLFW\glfw3native.h">
      <Filter>Dependencies\GLFW\32bit\include\GLFW</Filter>
    </ClInclude>
    <ClInclude Include="Dependencies\GLFW\64bit\include\GLFW\glfw3.h">
      <Filter>Dependencies\GLFW\64bit\include\GLFW</Filter>
    </ClInclude>
    <ClInclude Include="Dependencies\GLFW\64bit\include\GLFW\glfw3native.h">
      <Filter>Dependencies\GLFW\64bit\include\GLFW</Filter>
    </ClInclude>
    <ClInclude Include="Dependencies\glew-2.1.0\include\GL\eglew.h">
      <Filter>Dependencies\glew-2.1.0\include\GL</Filter>
    </ClInclude>
    <ClInclude Include="Dependencies\glew-2.1.0\include\GL\glew.h">
      <Filter>Dependencies\glew-2.1.0\include\GL</Filter>
    </ClInclude>
    <ClInclude Include="Dependencies\glew-2.1.0\include\GL\glxew.h">
      <Filter>Dependencies\glew-2.1.0\include\GL</Filter>
    </ClInclude>
    <ClInclude Include="Dependencies\glew-2.1.0\include\GL\wglew.h">
      <Filter>Dependencies\glew-2.1.0\include\GL</Filter>
    </ClInclude>
    <ClInclude Include="PolySegment.h" />
    <ClInclude Include="Shapes\Shape.h">
      <Filter>Shapes\Header files</Filter>
    </ClInclude>
    <ClInclude Include="Shapes\CircleDrawer.h">
      <Filter>Shapes\Header files</Filter>
    </ClInclude>
    <ClInclude Include="Rendering\Shader.h">
      <Filter>Rendering</Filter>
    </ClInclude>
    <ClInclude Include="Rendering\DrawTriangles.h">
      <Filter>Rendering</Filter>
    </ClInclude>
    <ClInclude Include="Point.h">
      <Filter>Geometry\Header files</Filter>
    </ClInclude>
    <ClInclude Include="Rectangle.h">
      <Filter>Geometry\Header files</Filter>
    </ClInclude>
    <ClInclude Include="Agent.h">
      <Filter>Agent\Header files</Filter>
    </ClInclude>
    <ClInclude Include="Simulation.h">
      <Filter>Simulation\Header files</Filter>
    </ClInclude>
    <ClInclude Include="World.h">
      <Filter>World\Header files</Filter>
    </ClInclude>
    <ClInclude Include="Obstacle.h">
      <Filter>World\Header files</Filter>
    </ClInclude>
    <ClInclude Include="Behavior.h">
      <Filter>Agent\Header files</Filter>
    </ClInclude>
    <ClInclude Include="BehaviorBoid.h">
      <Filter>Agent\Header files</Filter>
    </ClInclude>
    <ClInclude Include="Alignment.h" />
    <ClInclude Include="Boid.h" />
    <ClInclude Include="Cohesion.h" />
    <ClInclude Include="Shapes\MovableShape.h" />
    <ClInclude Include="Shapes\RectangleDrawer.h" />
    <ClInclude Include="Shapes\StaticShape.h" />
    <ClInclude Include="Shapes\TriangleDrawerDynamic.h" />
    <ClInclude Include="Shapes\TriangleDrawerStatic.h" />
    <ClInclude Include="TestSimulation.h">
      <Filter>Simulation\Header files</Filter>
    </ClInclude>
    <ClInclude Include="TestAgent.h">
      <Filter>Agent\Header files</Filter>
    </ClInclude>
    <ClInclude Include="Rendering\Window.h" />
    <ClInclude Include="BoidSimulation.h">
      <Filter>Simulation\Header files</Filter>
    </ClInclude>
    <ClInclude Include="AgentPedestrian.h" />
    <ClInclude Include="ConstantVelocity.h" />
    <ClInclude Include="ScenarioA.h" />
    <ClInclude Include="SocialForces.h">
      <Filter>Agent\Header files</Filter>
    </ClInclude>
  </ItemGroup>
  <ItemGroup>
    <Library Include="Dependencies\GLFW\32bit\lib-vc2022\glfw3.lib">
      <Filter>Dependencies\GLFW\32bit\lib-vc2022</Filter>
    </Library>
    <Library Include="Dependencies\GLFW\32bit\lib-vc2022\glfw3_mt.lib">
      <Filter>Dependencies\GLFW\32bit\lib-vc2022</Filter>
    </Library>
    <Library Include="Dependencies\GLFW\64bit\lib-vc2022\glfw3.lib">
      <Filter>Dependencies\GLFW\64bit\lib-vc2022</Filter>
    </Library>
    <Library Include="Dependencies\GLFW\64bit\lib-vc2022\glfw3_mt.lib">
      <Filter>Dependencies\GLFW\64bit\lib-vc2022</Filter>
    </Library>
    <Library Include="Dependencies\glew-2.1.0\lib\Release\x64\glew32.lib">
      <Filter>Dependencies\glew-2.1.0\lib\Release\x64</Filter>
    </Library>
    <Library Include="Dependencies\glew-2.1.0\lib\Release\x64\glew32s.lib">
      <Filter>Dependencies\glew-2.1.0\lib\Release\x64</Filter>
    </Library>
    <Library Include="Dependencies\glew-2.1.0\lib\Release\Win32\glew32.lib">
      <Filter>Dependencies\glew-2.1.0\lib\Release\Win32</Filter>
    </Library>
    <Library Include="Dependencies\glew-2.1.0\lib\Release\Win32\glew32s.lib">
      <Filter>Dependencies\glew-2.1.0\lib\Release\Win32</Filter>
    </Library>
  </ItemGroup>
  <ItemGroup>
    <None Include="Resources\Shaders\Triangle.shader">
      <Filter>Resources\Shaders</Filter>
    </None>
    <None Include="Resources\Shaders\Circle.shader">
      <Filter>Resources\Shaders</Filter>
    </None>
  </ItemGroup>
</Project>